
Microsoft Visual Studio Solution File, Format Version 12.00
# Visual Studio 15
VisualStudioVersion = 15.0.27703.2035
MinimumVisualStudioVersion = 10.0.40219.1
Project("{FAE04EC0-301F-11D3-BF4B-00C04F79EFBC}") = "PizzaProject.UI", "PizzaProject.UI\PizzaProject.UI.csproj", "{049E2D0F-3D68-4F8B-8C6A-A3551FEB06C9}"
EndProject
Project("{FAE04EC0-301F-11D3-BF4B-00C04F79EFBC}") = "PizzaProject.Library", "PizzaProject.Library\PizzaProject.Library.csproj", "{F88E0F36-4782-4540-9136-B28E6AD09D86}"
EndProject
Project("{FAE04EC0-301F-11D3-BF4B-00C04F79EFBC}") = "PizzaProject.Test", "PizzaProject.Test\PizzaProject.Test.csproj", "{A092461E-9A95-44F3-9B6C-56F1125B2447}"
EndProject
Global
	GlobalSection(SolutionConfigurationPlatforms) = preSolution
		Debug|Any CPU = Debug|Any CPU
		Release|Any CPU = Release|Any CPU
	EndGlobalSection
	GlobalSection(ProjectConfigurationPlatforms) = postSolution
		{049E2D0F-3D68-4F8B-8C6A-A3551FEB06C9}.Debug|Any CPU.ActiveCfg = Debug|Any CPU
		{049E2D0F-3D68-4F8B-8C6A-A3551FEB06C9}.Debug|Any CPU.Build.0 = Debug|Any CPU
		{049E2D0F-3D68-4F8B-8C6A-A3551FEB06C9}.Release|Any CPU.ActiveCfg = Release|Any CPU
		{049E2D0F-3D68-4F8B-8C6A-A3551FEB06C9}.Release|Any CPU.Build.0 = Release|Any CPU
		{F88E0F36-4782-4540-9136-B28E6AD09D86}.Debug|Any CPU.ActiveCfg = Debug|Any CPU
		{F88E0F36-4782-4540-9136-B28E6AD09D86}.Debug|Any CPU.Build.0 = Debug|Any CPU
		{F88E0F36-4782-4540-9136-B28E6AD09D86}.Release|Any CPU.ActiveCfg = Release|Any CPU
		{F88E0F36-4782-4540-9136-B28E6AD09D86}.Release|Any CPU.Build.0 = Release|Any CPU
		{A092461E-9A95-44F3-9B6C-56F1125B2447}.Debug|Any CPU.ActiveCfg = Debug|Any CPU
		{A092461E-9A95-44F3-9B6C-56F1125B2447}.Debug|Any CPU.Build.0 = Debug|Any CPU
		{A092461E-9A95-44F3-9B6C-56F1125B2447}.Release|Any CPU.ActiveCfg = Release|Any CPU
		{A092461E-9A95-44F3-9B6C-56F1125B2447}.Release|Any CPU.Build.0 = Release|Any CPU
	EndGlobalSection
	GlobalSection(SolutionProperties) = preSolution
		HideSolutionNode = FALSE
	EndGlobalSection
	GlobalSection(ExtensibilityGlobals) = postSolution
		SolutionGuid = {FFF519FB-924D-491E-9540-1DB864145034}
	EndGlobalSection
EndGlobal
